
Microsoft Visual Studio Solution File, Format Version 12.00
# Visual Studio Version 17
VisualStudioVersion = 17.0.31919.166
MinimumVisualStudioVersion = 10.0.40219.1
Project("{9A19103F-16F7-4668-BE54-9A1E7A4F7556}") = "MovieCrud", "MovieCrud\MovieCrud.csproj", "{D46AA8D7-0505-4262-9814-0DEE95B9629B}"
EndProject
Global
	GlobalSection(SolutionConfigurationPlatforms) = preSolution
		Debug|Any CPU = Debug|Any CPU
		Release|Any CPU = Release|Any CPU
	EndGlobalSection
	GlobalSection(ProjectConfigurationPlatforms) = postSolution
		{D46AA8D7-0505-4262-9814-0DEE95B9629B}.Debug|Any CPU.ActiveCfg = Debug|Any CPU
		{D46AA8D7-0505-4262-9814-0DEE95B9629B}.Debug|Any CPU.Build.0 = Debug|Any CPU
		{D46AA8D7-0505-4262-9814-0DEE95B9629B}.Release|Any CPU.ActiveCfg = Release|Any CPU
		{D46AA8D7-0505-4262-9814-0DEE95B9629B}.Release|Any CPU.Build.0 = Release|Any CPU
	EndGlobalSection
	GlobalSection(SolutionProperties) = preSolution
		HideSolutionNode = FALSE
	EndGlobalSection
	GlobalSection(ExtensibilityGlobals) = postSolution
		SolutionGuid = {E20E8EA4-2989-46E9-9070-93225E80EBE5}
	EndGlobalSection
EndGlobal
